
Microsoft Visual Studio Solution File, Format Version 11.00
# Visual Studio 2010
Project("{FAE04EC0-301F-11D3-BF4B-00C04F79EFBC}") = "Chat Starter Client", "Chat Starter Client\Chat Starter Client.csproj", "{FCA69CA3-EE0C-485F-9D36-30FA6B2CBB89}"
EndProject
Project("{FAE04EC0-301F-11D3-BF4B-00C04F79EFBC}") = "Chat Starter Server", "Chat Starter Server\Chat Starter Server.csproj", "{232F8A02-C80C-4C1C-872E-FD4BB5DC85E2}"
EndProject
Project("{FAE04EC0-301F-11D3-BF4B-00C04F79EFBC}") = "@ Chat Starter Common", "Chat Starter Common\@ Chat Starter Common.csproj", "{70A1053D-96EB-4320-8938-972D2E3F0EA2}"
EndProject
Global
	GlobalSection(SolutionConfigurationPlatforms) = preSolution
		Debug|Any CPU = Debug|Any CPU
		Debug|Mixed Platforms = Debug|Mixed Platforms
		Debug|x86 = Debug|x86
		Release|Any CPU = Release|Any CPU
		Release|Mixed Platforms = Release|Mixed Platforms
		Release|x86 = Release|x86
	EndGlobalSection
	GlobalSection(ProjectConfigurationPlatforms) = postSolution
		{FCA69CA3-EE0C-485F-9D36-30FA6B2CBB89}.Debug|Any CPU.ActiveCfg = Debug|x86
		{FCA69CA3-EE0C-485F-9D36-30FA6B2CBB89}.Debug|Mixed Platforms.ActiveCfg = Debug|x86
		{FCA69CA3-EE0C-485F-9D36-30FA6B2CBB89}.Debug|Mixed Platforms.Build.0 = Debug|x86
		{FCA69CA3-EE0C-485F-9D36-30FA6B2CBB89}.Debug|x86.ActiveCfg = Debug|x86
		{FCA69CA3-EE0C-485F-9D36-30FA6B2CBB89}.Debug|x86.Build.0 = Debug|x86
		{FCA69CA3-EE0C-485F-9D36-30FA6B2CBB89}.Release|Any CPU.ActiveCfg = Release|x86
		{FCA69CA3-EE0C-485F-9D36-30FA6B2CBB89}.Release|Mixed Platforms.ActiveCfg = Release|x86
		{FCA69CA3-EE0C-485F-9D36-30FA6B2CBB89}.Release|Mixed Platforms.Build.0 = Release|x86
		{FCA69CA3-EE0C-485F-9D36-30FA6B2CBB89}.Release|x86.ActiveCfg = Release|x86
		{FCA69CA3-EE0C-485F-9D36-30FA6B2CBB89}.Release|x86.Build.0 = Release|x86
		{232F8A02-C80C-4C1C-872E-FD4BB5DC85E2}.Debug|Any CPU.ActiveCfg = Debug|x86
		{232F8A02-C80C-4C1C-872E-FD4BB5DC85E2}.Debug|Mixed Platforms.ActiveCfg = Debug|x86
		{232F8A02-C80C-4C1C-872E-FD4BB5DC85E2}.Debug|Mixed Platforms.Build.0 = Debug|x86
		{232F8A02-C80C-4C1C-872E-FD4BB5DC85E2}.Debug|x86.ActiveCfg = Debug|x86
		{232F8A02-C80C-4C1C-872E-FD4BB5DC85E2}.Debug|x86.Build.0 = Debug|x86
		{232F8A02-C80C-4C1C-872E-FD4BB5DC85E2}.Release|Any CPU.ActiveCfg = Release|x86
		{232F8A02-C80C-4C1C-872E-FD4BB5DC85E2}.Release|Mixed Platforms.ActiveCfg = Release|x86
		{232F8A02-C80C-4C1C-872E-FD4BB5DC85E2}.Release|Mixed Platforms.Build.0 = Release|x86
		{232F8A02-C80C-4C1C-872E-FD4BB5DC85E2}.Release|x86.ActiveCfg = Release|x86
		{232F8A02-C80C-4C1C-872E-FD4BB5DC85E2}.Release|x86.Build.0 = Release|x86
		{70A1053D-96EB-4320-8938-972D2E3F0EA2}.Debug|Any CPU.ActiveCfg = Debug|Any CPU
		{70A1053D-96EB-4320-8938-972D2E3F0EA2}.Debug|Any CPU.Build.0 = Debug|Any CPU
		{70A1053D-96EB-4320-8938-972D2E3F0EA2}.Debug|Mixed Platforms.ActiveCfg = Debug|Any CPU
		{70A1053D-96EB-4320-8938-972D2E3F0EA2}.Debug|Mixed Platforms.Build.0 = Debug|Any CPU
		{70A1053D-96EB-4320-8938-972D2E3F0EA2}.Debug|x86.ActiveCfg = Debug|Any CPU
		{70A1053D-96EB-4320-8938-972D2E3F0EA2}.Release|Any CPU.ActiveCfg = Release|Any CPU
		{70A1053D-96EB-4320-8938-972D2E3F0EA2}.Release|Any CPU.Build.0 = Release|Any CPU
		{70A1053D-96EB-4320-8938-972D2E3F0EA2}.Release|Mixed Platforms.ActiveCfg = Release|Any CPU
		{70A1053D-96EB-4320-8938-972D2E3F0EA2}.Release|Mixed Platforms.Build.0 = Release|Any CPU
		{70A1053D-96EB-4320-8938-972D2E3F0EA2}.Release|x86.ActiveCfg = Release|Any CPU
	EndGlobalSection
	GlobalSection(SolutionProperties) = preSolution
		HideSolutionNode = FALSE
	EndGlobalSection
EndGlobal
